// !$*UTF8*$!
{
	archiveVersion = 1;
	classes = {
	};
	objectVersion = 50;
	objects = {

/* Begin PBXBuildFile section */
		A4C2E7BE260B74630044B4CC /* AppDelegate.m in Sources */ = {isa = PBXBuildFile; fileRef = A4C2E7BD260B74630044B4CC /* AppDelegate.m */; };
		A4C2E7C1260B74630044B4CC /* SceneDelegate.m in Sources */ = {isa = PBXBuildFile; fileRef = A4C2E7C0260B74630044B4CC /* SceneDelegate.m */; };
		A4C2E7C4260B74630044B4CC /* ViewController.m in Sources */ = {isa = PBXBuildFile; fileRef = A4C2E7C3260B74630044B4CC /* ViewController.m */; };
		A4C2E7C7260B74630044B4CC /* Main.storyboard in Resources */ = {isa = PBXBuildFile; fileRef = A4C2E7C5260B74630044B4CC /* Main.storyboard */; };
		A4C2E7C9260B74630044B4CC /* Assets.xcassets in Resources */ = {isa = PBXBuildFile; fileRef = A4C2E7C8260B74630044B4CC /* Assets.xcassets */; };
		A4C2E7CC260B74630044B4CC /* LaunchScreen.storyboard in Resources */ = {isa = PBXBuildFile; fileRef = A4C2E7CA260B74630044B4CC /* LaunchScreen.storyboard */; };
		A4C2E7CF260B74630044B4CC /* main.m in Sources */ = {isa = PBXBuildFile; fileRef = A4C2E7CE260B74630044B4CC /* main.m */; };
		A4C2E7D9260B74640044B4CC /* agentAppTests.m in Sources */ = {isa = PBXBuildFile; fileRef = A4C2E7D8260B74640044B4CC /* agentAppTests.m */; };
		A4C2E7E4260B74640044B4CC /* agentAppUITests.m in Sources */ = {isa = PBXBuildFile; fileRef = A4C2E7E3260B74640044B4CC /* agentAppUITests.m */; };
		A4C2E7FA260B75AA0044B4CC /* kotlin_multiplatform_agent in Frameworks */ = {isa = PBXBuildFile; fileRef = A4C2E7F5260B74820044B4CC /* kotlin_multiplatform_agent */; };
/* End PBXBuildFile section */

/* Begin PBXContainerItemProxy section */
		A4C2E7D5260B74640044B4CC /* PBXContainerItemProxy */ = {
			isa = PBXContainerItemProxy;
			containerPortal = A4C2E7B1260B74630044B4CC /* Project object */;
			proxyType = 1;
			remoteGlobalIDString = A4C2E7B8260B74630044B4CC;
			remoteInfo = agentApp;
		};
		A4C2E7E0260B74640044B4CC /* PBXContainerItemProxy */ = {
			isa = PBXContainerItemProxy;
			containerPortal = A4C2E7B1260B74630044B4CC /* Project object */;
			proxyType = 1;
			remoteGlobalIDString = A4C2E7B8260B74630044B4CC;
			remoteInfo = agentApp;
		};
/* End PBXContainerItemProxy section */

/* Begin PBXFileReference section */
		A4C2E7B9260B74630044B4CC /* agentApp.app */ = {isa = PBXFileReference; explicitFileType = wrapper.application; includeInIndex = 0; path = agentApp.app; sourceTree = BUILT_PRODUCTS_DIR; };
		A4C2E7BC260B74630044B4CC /* AppDelegate.h */ = {isa = PBXFileReference; lastKnownFileType = sourcecode.c.h; path = AppDelegate.h; sourceTree = "<group>"; };
		A4C2E7BD260B74630044B4CC /* AppDelegate.m */ = {isa = PBXFileReference; lastKnownFileType = sourcecode.c.objc; path = AppDelegate.m; sourceTree = "<group>"; };
		A4C2E7BF260B74630044B4CC /* SceneDelegate.h */ = {isa = PBXFileReference; lastKnownFileType = sourcecode.c.h; path = SceneDelegate.h; sourceTree = "<group>"; };
		A4C2E7C0260B74630044B4CC /* SceneDelegate.m */ = {isa = PBXFileReference; lastKnownFileType = sourcecode.c.objc; path = SceneDelegate.m; sourceTree = "<group>"; };
		A4C2E7C2260B74630044B4CC /* ViewController.h */ = {isa = PBXFileReference; lastKnownFileType = sourcecode.c.h; path = ViewController.h; sourceTree = "<group>"; };
		A4C2E7C3260B74630044B4CC /* ViewController.m */ = {isa = PBXFileReference; lastKnownFileType = sourcecode.c.objc; path = ViewController.m; sourceTree = "<group>"; };
		A4C2E7C6260B74630044B4CC /* Base */ = {isa = PBXFileReference; lastKnownFileType = file.storyboard; name = Base; path = Base.lproj/Main.storyboard; sourceTree = "<group>"; };
		A4C2E7C8260B74630044B4CC /* Assets.xcassets */ = {isa = PBXFileReference; lastKnownFileType = folder.assetcatalog; path = Assets.xcassets; sourceTree = "<group>"; };
		A4C2E7CB260B74630044B4CC /* Base */ = {isa = PBXFileReference; lastKnownFileType = file.storyboard; name = Base; path = Base.lproj/LaunchScreen.storyboard; sourceTree = "<group>"; };
		A4C2E7CD260B74630044B4CC /* Info.plist */ = {isa = PBXFileReference; lastKnownFileType = text.plist.xml; path = Info.plist; sourceTree = "<group>"; };
		A4C2E7CE260B74630044B4CC /* main.m */ = {isa = PBXFileReference; lastKnownFileType = sourcecode.c.objc; path = main.m; sourceTree = "<group>"; };
		A4C2E7D4260B74640044B4CC /* agentAppTests.xctest */ = {isa = PBXFileReference; explicitFileType = wrapper.cfbundle; includeInIndex = 0; path = agentAppTests.xctest; sourceTree = BUILT_PRODUCTS_DIR; };
		A4C2E7D8260B74640044B4CC /* agentAppTests.m */ = {isa = PBXFileReference; lastKnownFileType = sourcecode.c.objc; path = agentAppTests.m; sourceTree = "<group>"; };
		A4C2E7DA260B74640044B4CC /* Info.plist */ = {isa = PBXFileReference; lastKnownFileType = text.plist.xml; path = Info.plist; sourceTree = "<group>"; };
		A4C2E7DF260B74640044B4CC /* agentAppUITests.xctest */ = {isa = PBXFileReference; explicitFileType = wrapper.cfbundle; includeInIndex = 0; path = agentAppUITests.xctest; sourceTree = BUILT_PRODUCTS_DIR; };
		A4C2E7E3260B74640044B4CC /* agentAppUITests.m */ = {isa = PBXFileReference; lastKnownFileType = sourcecode.c.objc; path = agentAppUITests.m; sourceTree = "<group>"; };
		A4C2E7E5260B74640044B4CC /* Info.plist */ = {isa = PBXFileReference; lastKnownFileType = text.plist.xml; path = Info.plist; sourceTree = "<group>"; };
		A4C2E7F5260B74820044B4CC /* kotlin_multiplatform_agent */ = {isa = PBXFileReference; lastKnownFileType = archive.ar; name = kotlin_multiplatform_agent; path = ../build/KotlinShared/kotlin_multiplatform_agent.framework/kotlin_multiplatform_agent; sourceTree = "<group>"; };
		A4C2E7F6260B74970044B4CC /* kotlin_multiplatform_agent.h */ = {isa = PBXFileReference; fileEncoding = 4; lastKnownFileType = sourcecode.c.h; name = kotlin_multiplatform_agent.h; path = ../../build/KotlinShared/kotlin_multiplatform_agent.framework/Headers/kotlin_multiplatform_agent.h; sourceTree = "<group>"; };
/* End PBXFileReference section */

/* Begin PBXFrameworksBuildPhase section */
		A4C2E7B6260B74630044B4CC /* Frameworks */ = {
			isa = PBXFrameworksBuildPhase;
			buildActionMask = 2147483647;
			files = (
				A4C2E7FA260B75AA0044B4CC /* kotlin_multiplatform_agent in Frameworks */,
			);
			runOnlyForDeploymentPostprocessing = 0;
		};
		A4C2E7D1260B74640044B4CC /* Frameworks */ = {
			isa = PBXFrameworksBuildPhase;
			buildActionMask = 2147483647;
			files = (
			);
			runOnlyForDeploymentPostprocessing = 0;
		};
		A4C2E7DC260B74640044B4CC /* Frameworks */ = {
			isa = PBXFrameworksBuildPhase;
			buildActionMask = 2147483647;
			files = (
			);
			runOnlyForDeploymentPostprocessing = 0;
		};
/* End PBXFrameworksBuildPhase section */

/* Begin PBXGroup section */
		A4C2E7B0260B74630044B4CC = {
			isa = PBXGroup;
			children = (
				A4C2E7BB260B74630044B4CC /* agentApp */,
				A4C2E7D7260B74640044B4CC /* agentAppTests */,
				A4C2E7E2260B74640044B4CC /* agentAppUITests */,
				A4C2E7BA260B74630044B4CC /* Products */,
				A4C2E7F4260B74820044B4CC /* Frameworks */,
			);
			sourceTree = "<group>";
		};
		A4C2E7BA260B74630044B4CC /* Products */ = {
			isa = PBXGroup;
			children = (
				A4C2E7B9260B74630044B4CC /* agentApp.app */,
				A4C2E7D4260B74640044B4CC /* agentAppTests.xctest */,
				A4C2E7DF260B74640044B4CC /* agentAppUITests.xctest */,
			);
			name = Products;
			sourceTree = "<group>";
		};
		A4C2E7BB260B74630044B4CC /* agentApp */ = {
			isa = PBXGroup;
			children = (
				A4C2E7F6260B74970044B4CC /* kotlin_multiplatform_agent.h */,
				A4C2E7BC260B74630044B4CC /* AppDelegate.h */,
				A4C2E7BD260B74630044B4CC /* AppDelegate.m */,
				A4C2E7BF260B74630044B4CC /* SceneDelegate.h */,
				A4C2E7C0260B74630044B4CC /* SceneDelegate.m */,
				A4C2E7C2260B74630044B4CC /* ViewController.h */,
				A4C2E7C3260B74630044B4CC /* ViewController.m */,
				A4C2E7C5260B74630044B4CC /* Main.storyboard */,
				A4C2E7C8260B74630044B4CC /* Assets.xcassets */,
				A4C2E7CA260B74630044B4CC /* LaunchScreen.storyboard */,
				A4C2E7CD260B74630044B4CC /* Info.plist */,
				A4C2E7CE260B74630044B4CC /* main.m */,
			);
			path = agentApp;
			sourceTree = "<group>";
		};
		A4C2E7D7260B74640044B4CC /* agentAppTests */ = {
			isa = PBXGroup;
			children = (
				A4C2E7D8260B74640044B4CC /* agentAppTests.m */,
				A4C2E7DA260B74640044B4CC /* Info.plist */,
			);
			path = agentAppTests;
			sourceTree = "<group>";
		};
		A4C2E7E2260B74640044B4CC /* agentAppUITests */ = {
			isa = PBXGroup;
			children = (
				A4C2E7E3260B74640044B4CC /* agentAppUITests.m */,
				A4C2E7E5260B74640044B4CC /* Info.plist */,
			);
			path = agentAppUITests;
			sourceTree = "<group>";
		};
		A4C2E7F4260B74820044B4CC /* Frameworks */ = {
			isa = PBXGroup;
			children = (
				A4C2E7F5260B74820044B4CC /* kotlin_multiplatform_agent */,
			);
			name = Frameworks;
			sourceTree = "<group>";
		};
/* End PBXGroup section */

/* Begin PBXNativeTarget section */
		A4C2E7B8260B74630044B4CC /* agentApp */ = {
			isa = PBXNativeTarget;
			buildConfigurationList = A4C2E7E8260B74640044B4CC /* Build configuration list for PBXNativeTarget "agentApp" */;
			buildPhases = (
				A4C2E7B5260B74630044B4CC /* Sources */,
				A4C2E7B6260B74630044B4CC /* Frameworks */,
				A4C2E7B7260B74630044B4CC /* Resources */,
			);
			buildRules = (
			);
			dependencies = (
			);
			name = agentApp;
			productName = agentApp;
			productReference = A4C2E7B9260B74630044B4CC /* agentApp.app */;
			productType = "com.apple.product-type.application";
		};
		A4C2E7D3260B74640044B4CC /* agentAppTests */ = {
			isa = PBXNativeTarget;
			buildConfigurationList = A4C2E7EB260B74640044B4CC /* Build configuration list for PBXNativeTarget "agentAppTests" */;
			buildPhases = (
				A4C2E7D0260B74640044B4CC /* Sources */,
				A4C2E7D1260B74640044B4CC /* Frameworks */,
				A4C2E7D2260B74640044B4CC /* Resources */,
			);
			buildRules = (
			);
			dependencies = (
				A4C2E7D6260B74640044B4CC /* PBXTargetDependency */,
			);
			name = agentAppTests;
			productName = agentAppTests;
			productReference = A4C2E7D4260B74640044B4CC /* agentAppTests.xctest */;
			productType = "com.apple.product-type.bundle.unit-test";
		};
		A4C2E7DE260B74640044B4CC /* agentAppUITests */ = {
			isa = PBXNativeTarget;
			buildConfigurationList = A4C2E7EE260B74640044B4CC /* Build configuration list for PBXNativeTarget "agentAppUITests" */;
			buildPhases = (
				A4C2E7DB260B74640044B4CC /* Sources */,
				A4C2E7DC260B74640044B4CC /* Frameworks */,
				A4C2E7DD260B74640044B4CC /* Resources */,
			);
			buildRules = (
			);
			dependencies = (
				A4C2E7E1260B74640044B4CC /* PBXTargetDependency */,
			);
			name = agentAppUITests;
			productName = agentAppUITests;
			productReference = A4C2E7DF260B74640044B4CC /* agentAppUITests.xctest */;
			productType = "com.apple.product-type.bundle.ui-testing";
		};
/* End PBXNativeTarget section */

/* Begin PBXProject section */
		A4C2E7B1260B74630044B4CC /* Project object */ = {
			isa = PBXProject;
			attributes = {
				LastUpgradeCheck = 1220;
				TargetAttributes = {
					A4C2E7B8260B74630044B4CC = {
						CreatedOnToolsVersion = 12.2;
					};
					A4C2E7D3260B74640044B4CC = {
						CreatedOnToolsVersion = 12.2;
						TestTargetID = A4C2E7B8260B74630044B4CC;
					};
					A4C2E7DE260B74640044B4CC = {
						CreatedOnToolsVersion = 12.2;
						TestTargetID = A4C2E7B8260B74630044B4CC;
					};
				};
			};
			buildConfigurationList = A4C2E7B4260B74630044B4CC /* Build configuration list for PBXProject "agentApp" */;
			compatibilityVersion = "Xcode 9.3";
			developmentRegion = en;
			hasScannedForEncodings = 0;
			knownRegions = (
				en,
				Base,
			);
			mainGroup = A4C2E7B0260B74630044B4CC;
			productRefGroup = A4C2E7BA260B74630044B4CC /* Products */;
			projectDirPath = "";
			projectRoot = "";
			targets = (
				A4C2E7B8260B74630044B4CC /* agentApp */,
				A4C2E7D3260B74640044B4CC /* agentAppTests */,
				A4C2E7DE260B74640044B4CC /* agentAppUITests */,
			);
		};
/* End PBXProject section */

/* Begin PBXResourcesBuildPhase section */
		A4C2E7B7260B74630044B4CC /* Resources */ = {
			isa = PBXResourcesBuildPhase;
			buildActionMask = 2147483647;
			files = (
				A4C2E7CC260B74630044B4CC /* LaunchScreen.storyboard in Resources */,
				A4C2E7C9260B74630044B4CC /* Assets.xcassets in Resources */,
				A4C2E7C7260B74630044B4CC /* Main.storyboard in Resources */,
			);
			runOnlyForDeploymentPostprocessing = 0;
		};
		A4C2E7D2260B74640044B4CC /* Resources */ = {
			isa = PBXResourcesBuildPhase;
			buildActionMask = 2147483647;
			files = (
			);
			runOnlyForDeploymentPostprocessing = 0;
		};
		A4C2E7DD260B74640044B4CC /* Resources */ = {
			isa = PBXResourcesBuildPhase;
			buildActionMask = 2147483647;
			files = (
			);
			runOnlyForDeploymentPostprocessing = 0;
		};
/* End PBXResourcesBuildPhase section */

/* Begin PBXSourcesBuildPhase section */
		A4C2E7B5260B74630044B4CC /* Sources */ = {
			isa = PBXSourcesBuildPhase;
			buildActionMask = 2147483647;
			files = (
				A4C2E7C4260B74630044B4CC /* ViewController.m in Sources */,
				A4C2E7BE260B74630044B4CC /* AppDelegate.m in Sources */,
				A4C2E7CF260B74630044B4CC /* main.m in Sources */,
				A4C2E7C1260B74630044B4CC /* SceneDelegate.m in Sources */,
			);
			runOnlyForDeploymentPostprocessing = 0;
		};
		A4C2E7D0260B74640044B4CC /* Sources */ = {
			isa = PBXSourcesBuildPhase;
			buildActionMask = 2147483647;
			files = (
				A4C2E7D9260B74640044B4CC /* agentAppTests.m in Sources */,
			);
			runOnlyForDeploymentPostprocessing = 0;
		};
		A4C2E7DB260B74640044B4CC /* Sources */ = {
			isa = PBXSourcesBuildPhase;
			buildActionMask = 2147483647;
			files = (
				A4C2E7E4260B74640044B4CC /* agentAppUITests.m in Sources */,
			);
			runOnlyForDeploymentPostprocessing = 0;
		};
/* End PBXSourcesBuildPhase section */

/* Begin PBXTargetDependency section */
		A4C2E7D6260B74640044B4CC /* PBXTargetDependency */ = {
			isa = PBXTargetDependency;
			target = A4C2E7B8260B74630044B4CC /* agentApp */;
			targetProxy = A4C2E7D5260B74640044B4CC /* PBXContainerItemProxy */;
		};
		A4C2E7E1260B74640044B4CC /* PBXTargetDependency */ = {
			isa = PBXTargetDependency;
			target = A4C2E7B8260B74630044B4CC /* agentApp */;
			targetProxy = A4C2E7E0260B74640044B4CC /* PBXContainerItemProxy */;
		};
/* End PBXTargetDependency section */

/* Begin PBXVariantGroup section */
		A4C2E7C5260B74630044B4CC /* Main.storyboard */ = {
			isa = PBXVariantGroup;
			children = (
				A4C2E7C6260B74630044B4CC /* Base */,
			);
			name = Main.storyboard;
			sourceTree = "<group>";
		};
		A4C2E7CA260B74630044B4CC /* LaunchScreen.storyboard */ = {
			isa = PBXVariantGroup;
			children = (
				A4C2E7CB260B74630044B4CC /* Base */,
			);
			name = LaunchScreen.storyboard;
			sourceTree = "<group>";
		};
/* End PBXVariantGroup section */

/* Begin XCBuildConfiguration section */
		A4C2E7E6260B74640044B4CC /* Debug */ = {
			isa = XCBuildConfiguration;
			buildSettings = {
				ALWAYS_SEARCH_USER_PATHS = NO;
				CLANG_ANALYZER_NONNULL = YES;
				CLANG_ANALYZER_NUMBER_OBJECT_CONVERSION = YES_AGGRESSIVE;
				CLANG_CXX_LANGUAGE_STANDARD = "gnu++14";
				CLANG_CXX_LIBRARY = "libc++";
				CLANG_ENABLE_MODULES = YES;
				CLANG_ENABLE_OBJC_ARC = YES;
				CLANG_ENABLE_OBJC_WEAK = YES;
				CLANG_WARN_BLOCK_CAPTURE_AUTORELEASING = YES;
				CLANG_WARN_BOOL_CONVERSION = YES;
				CLANG_WARN_COMMA = YES;
				CLANG_WARN_CONSTANT_CONVERSION = YES;
				CLANG_WARN_DEPRECATED_OBJC_IMPLEMENTATIONS = YES;
				CLANG_WARN_DIRECT_OBJC_ISA_USAGE = YES_ERROR;
				CLANG_WARN_DOCUMENTATION_COMMENTS = YES;
				CLANG_WARN_EMPTY_BODY = YES;
				CLANG_WARN_ENUM_CONVERSION = YES;
				CLANG_WARN_INFINITE_RECURSION = YES;
				CLANG_WARN_INT_CONVERSION = YES;
				CLANG_WARN_NON_LITERAL_NULL_CONVERSION = YES;
				CLANG_WARN_OBJC_IMPLICIT_RETAIN_SELF = YES;
				CLANG_WARN_OBJC_LITERAL_CONVERSION = YES;
				CLANG_WARN_OBJC_ROOT_CLASS = YES_ERROR;
				CLANG_WARN_QUOTED_INCLUDE_IN_FRAMEWORK_HEADER = YES;
				CLANG_WARN_RANGE_LOOP_ANALYSIS = YES;
				CLANG_WARN_STRICT_PROTOTYPES = YES;
				CLANG_WARN_SUSPICIOUS_MOVE = YES;
				CLANG_WARN_UNGUARDED_AVAILABILITY = YES_AGGRESSIVE;
				CLANG_WARN_UNREACHABLE_CODE = YES;
				CLANG_WARN__DUPLICATE_METHOD_MATCH = YES;
				COPY_PHASE_STRIP = NO;
				DEBUG_INFORMATION_FORMAT = dwarf;
				ENABLE_STRICT_OBJC_MSGSEND = YES;
				ENABLE_TESTABILITY = YES;
				GCC_C_LANGUAGE_STANDARD = gnu11;
				GCC_DYNAMIC_NO_PIC = NO;
				GCC_NO_COMMON_BLOCKS = YES;
				GCC_OPTIMIZATION_LEVEL = 0;
				GCC_PREPROCESSOR_DEFINITIONS = (
					"DEBUG=1",
					"$(inherited)",
				);
				GCC_WARN_64_TO_32_BIT_CONVERSION = YES;
				GCC_WARN_ABOUT_RETURN_TYPE = YES_ERROR;
				GCC_WARN_UNDECLARED_SELECTOR = YES;
				GCC_WARN_UNINITIALIZED_AUTOS = YES_AGGRESSIVE;
				GCC_WARN_UNUSED_FUNCTION = YES;
				GCC_WARN_UNUSED_VARIABLE = YES;
				IPHONEOS_DEPLOYMENT_TARGET = 14.2;
				MTL_ENABLE_DEBUG_INFO = INCLUDE_SOURCE;
				MTL_FAST_MATH = YES;
				ONLY_ACTIVE_ARCH = YES;
				SDKROOT = iphoneos;
			};
			name = Debug;
		};
		A4C2E7E7260B74640044B4CC /* Release */ = {
			isa = XCBuildConfiguration;
			buildSettings = {
				ALWAYS_SEARCH_USER_PATHS = NO;
				CLANG_ANALYZER_NONNULL = YES;
				CLANG_ANALYZER_NUMBER_OBJECT_CONVERSION = YES_AGGRESSIVE;
				CLANG_CXX_LANGUAGE_STANDARD = "gnu++14";
				CLANG_CXX_LIBRARY = "libc++";
				CLANG_ENABLE_MODULES = YES;
				CLANG_ENABLE_OBJC_ARC = YES;
				CLANG_ENABLE_OBJC_WEAK = YES;
				CLANG_WARN_BLOCK_CAPTURE_AUTORELEASING = YES;
				CLANG_WARN_BOOL_CONVERSION = YES;
				CLANG_WARN_COMMA = YES;
				CLANG_WARN_CONSTANT_CONVERSION = YES;
				CLANG_WARN_DEPRECATED_OBJC_IMPLEMENTATIONS = YES;
				CLANG_WARN_DIRECT_OBJC_ISA_USAGE = YES_ERROR;
				CLANG_WARN_DOCUMENTATION_COMMENTS = YES;
				CLANG_WARN_EMPTY_BODY = YES;
				CLANG_WARN_ENUM_CONVERSION = YES;
				CLANG_WARN_INFINITE_RECURSION = YES;
				CLANG_WARN_INT_CONVERSION = YES;
				CLANG_WARN_NON_LITERAL_NULL_CONVERSION = YES;
				CLANG_WARN_OBJC_IMPLICIT_RETAIN_SELF = YES;
				CLANG_WARN_OBJC_LITERAL_CONVERSION = YES;
				CLANG_WARN_OBJC_ROOT_CLASS = YES_ERROR;
				CLANG_WARN_QUOTED_INCLUDE_IN_FRAMEWORK_HEADER = YES;
				CLANG_WARN_RANGE_LOOP_ANALYSIS = YES;
				CLANG_WARN_STRICT_PROTOTYPES = YES;
				CLANG_WARN_SUSPICIOUS_MOVE = YES;
				CLANG_WARN_UNGUARDED_AVAILABILITY = YES_AGGRESSIVE;
				CLANG_WARN_UNREACHABLE_CODE = YES;
				CLANG_WARN__DUPLICATE_METHOD_MATCH = YES;
				COPY_PHASE_STRIP = NO;
				DEBUG_INFORMATION_FORMAT = "dwarf-with-dsym";
				ENABLE_NS_ASSERTIONS = NO;
				ENABLE_STRICT_OBJC_MSGSEND = YES;
				GCC_C_LANGUAGE_STANDARD = gnu11;
				GCC_NO_COMMON_BLOCKS = YES;
				GCC_WARN_64_TO_32_BIT_CONVERSION = YES;
				GCC_WARN_ABOUT_RETURN_TYPE = YES_ERROR;
				GCC_WARN_UNDECLARED_SELECTOR = YES;
				GCC_WARN_UNINITIALIZED_AUTOS = YES_AGGRESSIVE;
				GCC_WARN_UNUSED_FUNCTION = YES;
				GCC_WARN_UNUSED_VARIABLE = YES;
				IPHONEOS_DEPLOYMENT_TARGET = 14.2;
				MTL_ENABLE_DEBUG_INFO = NO;
				MTL_FAST_MATH = YES;
				SDKROOT = iphoneos;
				VALIDATE_PRODUCT = YES;
			};
			name = Release;
		};
		A4C2E7E9260B74640044B4CC /* Debug */ = {
			isa = XCBuildConfiguration;
			buildSettings = {
				ASSETCATALOG_COMPILER_APPICON_NAME = AppIcon;
				ASSETCATALOG_COMPILER_GLOBAL_ACCENT_COLOR_NAME = AccentColor;
				CODE_SIGN_STYLE = Automatic;
				INFOPLIST_FILE = agentApp/Info.plist;
				LD_RUNPATH_SEARCH_PATHS = (
					"$(inherited)",
					"@executable_path/Frameworks",
				);
				PRODUCT_BUNDLE_IDENTIFIER = lux.agentApp;
				PRODUCT_NAME = "$(TARGET_NAME)";
				TARGETED_DEVICE_FAMILY = "1,2";
			};
			name = Debug;
		};
		A4C2E7EA260B74640044B4CC /* Release */ = {
			isa = XCBuildConfiguration;
			buildSettings = {
				ASSETCATALOG_COMPILER_APPICON_NAME = AppIcon;
				ASSETCATALOG_COMPILER_GLOBAL_ACCENT_COLOR_NAME = AccentColor;
				CODE_SIGN_STYLE = Automatic;
				INFOPLIST_FILE = agentApp/Info.plist;
				LD_RUNPATH_SEARCH_PATHS = (
					"$(inherited)",
					"@executable_path/Frameworks",
				);
				PRODUCT_BUNDLE_IDENTIFIER = lux.agentApp;
				PRODUCT_NAME = "$(TARGET_NAME)";
				TARGETED_DEVICE_FAMILY = "1,2";
			};
			name = Release;
		};
		A4C2E7EC260B74640044B4CC /* Debug */ = {
			isa = XCBuildConfiguration;
			buildSettings = {
				BUNDLE_LOADER = "$(TEST_HOST)";
				CODE_SIGN_STYLE = Automatic;
				INFOPLIST_FILE = agentAppTests/Info.plist;
				IPHONEOS_DEPLOYMENT_TARGET = 14.2;
				LD_RUNPATH_SEARCH_PATHS = (
					"$(inherited)",
					"@executable_path/Frameworks",
					"@loader_path/Frameworks",
				);
				PRODUCT_BUNDLE_IDENTIFIER = lux.agentAppTests;
				PRODUCT_NAME = "$(TARGET_NAME)";
				TARGETED_DEVICE_FAMILY = "1,2";
				TEST_HOST = "$(BUILT_PRODUCTS_DIR)/agentApp.app/agentApp";
			};
			name = Debug;
		};
		A4C2E7ED260B74640044B4CC /* Release */ = {
			isa = XCBuildConfiguration;
			buildSettings = {
				BUNDLE_LOADER = "$(TEST_HOST)";
				CODE_SIGN_STYLE = Automatic;
				INFOPLIST_FILE = agentAppTests/Info.plist;
				IPHONEOS_DEPLOYMENT_TARGET = 14.2;
				LD_RUNPATH_SEARCH_PATHS = (
					"$(inherited)",
					"@executable_path/Frameworks",
					"@loader_path/Frameworks",
				);
				PRODUCT_BUNDLE_IDENTIFIER = lux.agentAppTests;
				PRODUCT_NAME = "$(TARGET_NAME)";
				TARGETED_DEVICE_FAMILY = "1,2";
				TEST_HOST = "$(BUILT_PRODUCTS_DIR)/agentApp.app/agentApp";
			};
			name = Release;
		};
		A4C2E7EF260B74640044B4CC /* Debug */ = {
			isa = XCBuildConfiguration;
			buildSettings = {
				CODE_SIGN_STYLE = Automatic;
				INFOPLIST_FILE = agentAppUITests/Info.plist;
				LD_RUNPATH_SEARCH_PATHS = (
					"$(inherited)",
					"@executable_path/Frameworks",
					"@loader_path/Frameworks",
				);
				PRODUCT_BUNDLE_IDENTIFIER = lux.agentAppUITests;
				PRODUCT_NAME = "$(TARGET_NAME)";
				TARGETED_DEVICE_FAMILY = "1,2";
				TEST_TARGET_NAME = agentApp;
			};
			name = Debug;
		};
		A4C2E7F0260B74640044B4CC /* Release */ = {
			isa = XCBuildConfiguration;
			buildSettings = {
				CODE_SIGN_STYLE = Automatic;
				INFOPLIST_FILE = agentAppUITests/Info.plist;
				LD_RUNPATH_SEARCH_PATHS = (
					"$(inherited)",
					"@executable_path/Frameworks",
					"@loader_path/Frameworks",
				);
				PRODUCT_BUNDLE_IDENTIFIER = lux.agentAppUITests;
				PRODUCT_NAME = "$(TARGET_NAME)";
				TARGETED_DEVICE_FAMILY = "1,2";
				TEST_TARGET_NAME = agentApp;
			};
			name = Release;
		};
/* End XCBuildConfiguration section */

/* Begin XCConfigurationList section */
		A4C2E7B4260B74630044B4CC /* Build configuration list for PBXProject "agentApp" */ = {
			isa = XCConfigurationList;
			buildConfigurations = (
				A4C2E7E6260B74640044B4CC /* Debug */,
				A4C2E7E7260B74640044B4CC /* Release */,
			);
			defaultConfigurationIsVisible = 0;
			defaultConfigurationName = Release;
		};
		A4C2E7E8260B74640044B4CC /* Build configuration list for PBXNativeTarget "agentApp" */ = {
			isa = XCConfigurationList;
			buildConfigurations = (
				A4C2E7E9260B74640044B4CC /* Debug */,
				A4C2E7EA260B74640044B4CC /* Release */,
			);
			defaultConfigurationIsVisible = 0;
			defaultConfigurationName = Release;
		};
		A4C2E7EB260B74640044B4CC /* Build configuration list for PBXNativeTarget "agentAppTests" */ = {
			isa = XCConfigurationList;
			buildConfigurations = (
				A4C2E7EC260B74640044B4CC /* Debug */,
				A4C2E7ED260B74640044B4CC /* Release */,
			);
			defaultConfigurationIsVisible = 0;
			defaultConfigurationName = Release;
		};
		A4C2E7EE260B74640044B4CC /* Build configuration list for PBXNativeTarget "agentAppUITests" */ = {
			isa = XCConfigurationList;
			buildConfigurations = (
				A4C2E7EF260B74640044B4CC /* Debug */,
				A4C2E7F0260B74640044B4CC /* Release */,
			);
			defaultConfigurationIsVisible = 0;
			defaultConfigurationName = Release;
		};
/* End XCConfigurationList section */
	};
	rootObject = A4C2E7B1260B74630044B4CC /* Project object */;
}
