PODS:
  - kotlin_multiplatform_agent (1.0-SNAPSHOT):
    - PocketSocket
  - libindy (1.15.0)
  - libsodium (1.0.12)
  - libzmq-pw (4.2.2)
  - OpenSSL-XM (1.0.210.1)
  - PocketSocket (1.0.1):
    - PocketSocket/Client (= 1.0.1)
    - PocketSocket/Core (= 1.0.1)
    - PocketSocket/Server (= 1.0.1)
  - PocketSocket/Client (1.0.1):
    - PocketSocket/Core
  - PocketSocket/Core (1.0.1)
  - PocketSocket/Server (1.0.1):
    - PocketSocket/Client

DEPENDENCIES:
  - kotlin_multiplatform_agent (from `../../`)
  - libindy (= 1.15.0)
  - libsodium (~> 1.0.12)
  - libzmq-pw (= 4.2.2)
  - OpenSSL-XM (~> 1.0.210.1)
  - PocketSocket (= 1.0.1)

SPEC REPOS:
  https://github.com/CocoaPods/Specs.git:
    - libsodium
    - OpenSSL-XM
    - PocketSocket
  https://github.com/hyperledger/indy-sdk.git:
    - libindy
    - libzmq-pw

EXTERNAL SOURCES:
  kotlin_multiplatform_agent:
    :path: "../../"

SPEC CHECKSUMS:
  kotlin_multiplatform_agent: d28f05b170d2cd282b582241974e668d2c07e674
  libindy: 11318335b528494a6155943c4cc6579926cee7e3
  libsodium: 9a8faa5ef2fa0d2d57bd7f7d79bf8fb7c1a9f0ea
  libzmq-pw: 493d316cf7f91117bce03df7588b3a7ff0f4a797
  OpenSSL-XM: f2d7697be2a4b01a2c62239fd577e4137cab4f3a
  PocketSocket: 9c6867d66fb4f962af96b9b07f4b45bb561b2c2a

PODFILE CHECKSUM: 21784c08530f67ef851535d5f12cdffe5c0d91a9

COCOAPODS: 1.10.1
