PODS:
  - CoreBitcoin (0.6.8.1):
    - ISO8601DateFormatter
    - OpenSSL-Universal (= 1.0.1.16)
  - ISO8601DateFormatter (0.8)
  - libindy (1.15.0)
  - libsodium (1.0.12)
  - libzmq-pw (4.2.2)
  - OpenSSL-Universal (1.0.1.16)
  - OpenSSL-XM (1.0.210.1)

DEPENDENCIES:
  - CoreBitcoin (from `https://raw.github.com/oleganza/CoreBitcoin/master/CoreBitcoin.podspec`)
  - libindy (= 1.15.0)
  - libsodium (~> 1.0.12)
  - libzmq-pw (= 4.2.2)
  - OpenSSL-XM

SPEC REPOS:
  https://github.com/CocoaPods/Specs.git:
    - ISO8601DateFormatter
    - libsodium
    - OpenSSL-Universal
    - OpenSSL-XM
  https://github.com/hyperledger/indy-sdk.git:
    - libindy
    - libzmq-pw

EXTERNAL SOURCES:
  CoreBitcoin:
    :podspec: https://raw.github.com/oleganza/CoreBitcoin/master/CoreBitcoin.podspec

SPEC CHECKSUMS:
  CoreBitcoin: 4ac6f6a61e543f08399c2fe57496d4fdcbaf74f9
  ISO8601DateFormatter: 4551b6ce4f83185425f583b0b3feb3c7b59b942c
  libindy: 11318335b528494a6155943c4cc6579926cee7e3
  libsodium: 9a8faa5ef2fa0d2d57bd7f7d79bf8fb7c1a9f0ea
  libzmq-pw: 493d316cf7f91117bce03df7588b3a7ff0f4a797
  OpenSSL-Universal: 85ef63bf81d0741b03c8719cd29685c37c59518d
  OpenSSL-XM: f2d7697be2a4b01a2c62239fd577e4137cab4f3a

PODFILE CHECKSUM: 0a8f96afcfb11e7ccc903389bb274981430ae9d7

COCOAPODS: 1.10.1
